// !$*UTF8*$!
{
	archiveVersion = 1;
	classes = {
	};
	objectVersion = 55;
	objects = {

/* Begin PBXBuildFile section */
		ABBD74AF28ABE3E8004A004D /* H4X0R_NewsApp.swift in Sources */ = {isa = PBXBuildFile; fileRef = ABBD74AE28ABE3E8004A004D /* H4X0R_NewsApp.swift */; };
		ABBD74B128ABE3E8004A004D /* ContentView.swift in Sources */ = {isa = PBXBuildFile; fileRef = ABBD74B028ABE3E8004A004D /* ContentView.swift */; };
		ABBD74B328ABE3E8004A004D /* Assets.xcassets in Resources */ = {isa = PBXBuildFile; fileRef = ABBD74B228ABE3E8004A004D /* Assets.xcassets */; };
		ABBD74B628ABE3E8004A004D /* Preview Assets.xcassets in Resources */ = {isa = PBXBuildFile; fileRef = ABBD74B528ABE3E8004A004D /* Preview Assets.xcassets */; };
		ABBD74C028ABF0E0004A004D /* PostData.swift in Sources */ = {isa = PBXBuildFile; fileRef = ABBD74BF28ABF0E0004A004D /* PostData.swift */; };
		ABBD74C228ABF741004A004D /* NetworkManager.swift in Sources */ = {isa = PBXBuildFile; fileRef = ABBD74C128ABF741004A004D /* NetworkManager.swift */; };
		ABBD74C528ABFBFA004A004D /* DetailView.swift in Sources */ = {isa = PBXBuildFile; fileRef = ABBD74C428ABFBFA004A004D /* DetailView.swift */; };
		ABBD74C728AC011E004A004D /* WebView.swift in Sources */ = {isa = PBXBuildFile; fileRef = ABBD74C628AC011E004A004D /* WebView.swift */; };
/* End PBXBuildFile section */

/* Begin PBXFileReference section */
		ABBD74AB28ABE3E8004A004D /* H4X0R News.app */ = {isa = PBXFileReference; explicitFileType = wrapper.application; includeInIndex = 0; path = "H4X0R News.app"; sourceTree = BUILT_PRODUCTS_DIR; };
		ABBD74AE28ABE3E8004A004D /* H4X0R_NewsApp.swift */ = {isa = PBXFileReference; lastKnownFileType = sourcecode.swift; path = H4X0R_NewsApp.swift; sourceTree = "<group>"; };
		ABBD74B028ABE3E8004A004D /* ContentView.swift */ = {isa = PBXFileReference; lastKnownFileType = sourcecode.swift; path = ContentView.swift; sourceTree = "<group>"; };
		ABBD74B228ABE3E8004A004D /* Assets.xcassets */ = {isa = PBXFileReference; lastKnownFileType = folder.assetcatalog; path = Assets.xcassets; sourceTree = "<group>"; };
		ABBD74B528ABE3E8004A004D /* Preview Assets.xcassets */ = {isa = PBXFileReference; lastKnownFileType = folder.assetcatalog; path = "Preview Assets.xcassets"; sourceTree = "<group>"; };
		ABBD74BF28ABF0E0004A004D /* PostData.swift */ = {isa = PBXFileReference; lastKnownFileType = sourcecode.swift; path = PostData.swift; sourceTree = "<group>"; };
		ABBD74C128ABF741004A004D /* NetworkManager.swift */ = {isa = PBXFileReference; lastKnownFileType = sourcecode.swift; path = NetworkManager.swift; sourceTree = "<group>"; };
		ABBD74C428ABFBFA004A004D /* DetailView.swift */ = {isa = PBXFileReference; lastKnownFileType = sourcecode.swift; path = DetailView.swift; sourceTree = "<group>"; };
		ABBD74C628AC011E004A004D /* WebView.swift */ = {isa = PBXFileReference; lastKnownFileType = sourcecode.swift; path = WebView.swift; sourceTree = "<group>"; };
		ABBD74C828AC03AB004A004D /* H4X0R News.entitlements */ = {isa = PBXFileReference; lastKnownFileType = text.plist.entitlements; path = "H4X0R News.entitlements"; sourceTree = "<group>"; };
/* End PBXFileReference section */

/* Begin PBXFrameworksBuildPhase section */
		ABBD74A828ABE3E8004A004D /* Frameworks */ = {
			isa = PBXFrameworksBuildPhase;
			buildActionMask = 2147483647;
			files = (
			);
			runOnlyForDeploymentPostprocessing = 0;
		};
/* End PBXFrameworksBuildPhase section */

/* Begin PBXGroup section */
		ABBD74A228ABE3E8004A004D = {
			isa = PBXGroup;
			children = (
				ABBD74AD28ABE3E8004A004D /* H4X0R News */,
				ABBD74AC28ABE3E8004A004D /* Products */,
			);
			sourceTree = "<group>";
		};
		ABBD74AC28ABE3E8004A004D /* Products */ = {
			isa = PBXGroup;
			children = (
				ABBD74AB28ABE3E8004A004D /* H4X0R News.app */,
			);
			name = Products;
			sourceTree = "<group>";
		};
		ABBD74AD28ABE3E8004A004D /* H4X0R News */ = {
			isa = PBXGroup;
			children = (
				ABBD74C828AC03AB004A004D /* H4X0R News.entitlements */,
				ABBD74BC28ABEE79004A004D /* Models */,
				ABBD74AE28ABE3E8004A004D /* H4X0R_NewsApp.swift */,
				ABBD74C328ABFBE3004A004D /* Views */,
				ABBD74B228ABE3E8004A004D /* Assets.xcassets */,
				ABBD74B428ABE3E8004A004D /* Preview Content */,
			);
			path = "H4X0R News";
			sourceTree = "<group>";
		};
		ABBD74B428ABE3E8004A004D /* Preview Content */ = {
			isa = PBXGroup;
			children = (
				ABBD74B528ABE3E8004A004D /* Preview Assets.xcassets */,
			);
			path = "Preview Content";
			sourceTree = "<group>";
		};
		ABBD74BC28ABEE79004A004D /* Models */ = {
			isa = PBXGroup;
			children = (
				ABBD74C128ABF741004A004D /* NetworkManager.swift */,
				ABBD74BF28ABF0E0004A004D /* PostData.swift */,
			);
			path = Models;
			sourceTree = "<group>";
		};
		ABBD74C328ABFBE3004A004D /* Views */ = {
			isa = PBXGroup;
			children = (
				ABBD74B028ABE3E8004A004D /* ContentView.swift */,
				ABBD74C428ABFBFA004A004D /* DetailView.swift */,
				ABBD74C628AC011E004A004D /* WebView.swift */,
			);
			path = Views;
			sourceTree = "<group>";
		};
/* End PBXGroup section */

/* Begin PBXNativeTarget section */
		ABBD74AA28ABE3E8004A004D /* H4X0R News */ = {
			isa = PBXNativeTarget;
			buildConfigurationList = ABBD74B928ABE3E8004A004D /* Build configuration list for PBXNativeTarget "H4X0R News" */;
			buildPhases = (
				ABBD74A728ABE3E8004A004D /* Sources */,
				ABBD74A828ABE3E8004A004D /* Frameworks */,
				ABBD74A928ABE3E8004A004D /* Resources */,
			);
			buildRules = (
			);
			dependencies = (
			);
			name = "H4X0R News";
			productName = "H4X0R News";
			productReference = ABBD74AB28ABE3E8004A004D /* H4X0R News.app */;
			productType = "com.apple.product-type.application";
		};
/* End PBXNativeTarget section */

/* Begin PBXProject section */
		ABBD74A328ABE3E8004A004D /* Project object */ = {
			isa = PBXProject;
			attributes = {
				BuildIndependentTargetsInParallel = 1;
				LastSwiftUpdateCheck = 1340;
				LastUpgradeCheck = 1340;
				TargetAttributes = {
					ABBD74AA28ABE3E8004A004D = {
						CreatedOnToolsVersion = 13.4.1;
					};
				};
			};
			buildConfigurationList = ABBD74A628ABE3E8004A004D /* Build configuration list for PBXProject "H4X0R News" */;
			compatibilityVersion = "Xcode 13.0";
			developmentRegion = en;
			hasScannedForEncodings = 0;
			knownRegions = (
				en,
				Base,
			);
			mainGroup = ABBD74A228ABE3E8004A004D;
			productRefGroup = ABBD74AC28ABE3E8004A004D /* Products */;
			projectDirPath = "";
			projectRoot = "";
			targets = (
				ABBD74AA28ABE3E8004A004D /* H4X0R News */,
			);
		};
/* End PBXProject section */

/* Begin PBXResourcesBuildPhase section */
		ABBD74A928ABE3E8004A004D /* Resources */ = {
			isa = PBXResourcesBuildPhase;
			buildActionMask = 2147483647;
			files = (
				ABBD74B628ABE3E8004A004D /* Preview Assets.xcassets in Resources */,
				ABBD74B328ABE3E8004A004D /* Assets.xcassets in Resources */,
			);
			runOnlyForDeploymentPostprocessing = 0;
		};
/* End PBXResourcesBuildPhase section */

/* Begin PBXSourcesBuildPhase section */
		ABBD74A728ABE3E8004A004D /* Sources */ = {
			isa = PBXSourcesBuildPhase;
			buildActionMask = 2147483647;
			files = (
				ABBD74B128ABE3E8004A004D /* ContentView.swift in Sources */,
				ABBD74C028ABF0E0004A004D /* PostData.swift in Sources */,
				ABBD74C228ABF741004A004D /* NetworkManager.swift in Sources */,
				ABBD74C728AC011E004A004D /* WebView.swift in Sources */,
				ABBD74C528ABFBFA004A004D /* DetailView.swift in Sources */,
				ABBD74AF28ABE3E8004A004D /* H4X0R_NewsApp.swift in Sources */,
			);
			runOnlyForDeploymentPostprocessing = 0;
		};
/* End PBXSourcesBuildPhase section */

/* Begin XCBuildConfiguration section */
		ABBD74B728ABE3E8004A004D /* Debug */ = {
			isa = XCBuildConfiguration;
			buildSettings = {
				ALWAYS_SEARCH_USER_PATHS = NO;
				CLANG_ANALYZER_NONNULL = YES;
				CLANG_ANALYZER_NUMBER_OBJECT_CONVERSION = YES_AGGRESSIVE;
				CLANG_CXX_LANGUAGE_STANDARD = "gnu++17";
				CLANG_ENABLE_MODULES = YES;
				CLANG_ENABLE_OBJC_ARC = YES;
				CLANG_ENABLE_OBJC_WEAK = YES;
				CLANG_WARN_BLOCK_CAPTURE_AUTORELEASING = YES;
				CLANG_WARN_BOOL_CONVERSION = YES;
				CLANG_WARN_COMMA = YES;
				CLANG_WARN_CONSTANT_CONVERSION = YES;
				CLANG_WARN_DEPRECATED_OBJC_IMPLEMENTATIONS = YES;
				CLANG_WARN_DIRECT_OBJC_ISA_USAGE = YES_ERROR;
				CLANG_WARN_DOCUMENTATION_COMMENTS = YES;
				CLANG_WARN_EMPTY_BODY = YES;
				CLANG_WARN_ENUM_CONVERSION = YES;
				CLANG_WARN_INFINITE_RECURSION = YES;
				CLANG_WARN_INT_CONVERSION = YES;
				CLANG_WARN_NON_LITERAL_NULL_CONVERSION = YES;
				CLANG_WARN_OBJC_IMPLICIT_RETAIN_SELF = YES;
				CLANG_WARN_OBJC_LITERAL_CONVERSION = YES;
				CLANG_WARN_OBJC_ROOT_CLASS = YES_ERROR;
				CLANG_WARN_QUOTED_INCLUDE_IN_FRAMEWORK_HEADER = YES;
				CLANG_WARN_RANGE_LOOP_ANALYSIS = YES;
				CLANG_WARN_STRICT_PROTOTYPES = YES;
				CLANG_WARN_SUSPICIOUS_MOVE = YES;
				CLANG_WARN_UNGUARDED_AVAILABILITY = YES_AGGRESSIVE;
				CLANG_WARN_UNREACHABLE_CODE = YES;
				CLANG_WARN__DUPLICATE_METHOD_MATCH = YES;
				COPY_PHASE_STRIP = NO;
				DEBUG_INFORMATION_FORMAT = dwarf;
				ENABLE_STRICT_OBJC_MSGSEND = YES;
				ENABLE_TESTABILITY = YES;
				GCC_C_LANGUAGE_STANDARD = gnu11;
				GCC_DYNAMIC_NO_PIC = NO;
				GCC_NO_COMMON_BLOCKS = YES;
				GCC_OPTIMIZATION_LEVEL = 0;
				GCC_PREPROCESSOR_DEFINITIONS = (
					"DEBUG=1",
					"$(inherited)",
				);
				GCC_WARN_64_TO_32_BIT_CONVERSION = YES;
				GCC_WARN_ABOUT_RETURN_TYPE = YES_ERROR;
				GCC_WARN_UNDECLARED_SELECTOR = YES;
				GCC_WARN_UNINITIALIZED_AUTOS = YES_AGGRESSIVE;
				GCC_WARN_UNUSED_FUNCTION = YES;
				GCC_WARN_UNUSED_VARIABLE = YES;
				IPHONEOS_DEPLOYMENT_TARGET = 15.5;
				MTL_ENABLE_DEBUG_INFO = INCLUDE_SOURCE;
				MTL_FAST_MATH = YES;
				ONLY_ACTIVE_ARCH = YES;
				SDKROOT = iphoneos;
				SWIFT_ACTIVE_COMPILATION_CONDITIONS = DEBUG;
				SWIFT_OPTIMIZATION_LEVEL = "-Onone";
			};
			name = Debug;
		};
		ABBD74B828ABE3E8004A004D /* Release */ = {
			isa = XCBuildConfiguration;
			buildSettings = {
				ALWAYS_SEARCH_USER_PATHS = NO;
				CLANG_ANALYZER_NONNULL = YES;
				CLANG_ANALYZER_NUMBER_OBJECT_CONVERSION = YES_AGGRESSIVE;
				CLANG_CXX_LANGUAGE_STANDARD = "gnu++17";
				CLANG_ENABLE_MODULES = YES;
				CLANG_ENABLE_OBJC_ARC = YES;
				CLANG_ENABLE_OBJC_WEAK = YES;
				CLANG_WARN_BLOCK_CAPTURE_AUTORELEASING = YES;
				CLANG_WARN_BOOL_CONVERSION = YES;
				CLANG_WARN_COMMA = YES;
				CLANG_WARN_CONSTANT_CONVERSION = YES;
				CLANG_WARN_DEPRECATED_OBJC_IMPLEMENTATIONS = YES;
				CLANG_WARN_DIRECT_OBJC_ISA_USAGE = YES_ERROR;
				CLANG_WARN_DOCUMENTATION_COMMENTS = YES;
				CLANG_WARN_EMPTY_BODY = YES;
				CLANG_WARN_ENUM_CONVERSION = YES;
				CLANG_WARN_INFINITE_RECURSION = YES;
				CLANG_WARN_INT_CONVERSION = YES;
				CLANG_WARN_NON_LITERAL_NULL_CONVERSION = YES;
				CLANG_WARN_OBJC_IMPLICIT_RETAIN_SELF = YES;
				CLANG_WARN_OBJC_LITERAL_CONVERSION = YES;
				CLANG_WARN_OBJC_ROOT_CLASS = YES_ERROR;
				CLANG_WARN_QUOTED_INCLUDE_IN_FRAMEWORK_HEADER = YES;
				CLANG_WARN_RANGE_LOOP_ANALYSIS = YES;
				CLANG_WARN_STRICT_PROTOTYPES = YES;
				CLANG_WARN_SUSPICIOUS_MOVE = YES;
				CLANG_WARN_UNGUARDED_AVAILABILITY = YES_AGGRESSIVE;
				CLANG_WARN_UNREACHABLE_CODE = YES;
				CLANG_WARN__DUPLICATE_METHOD_MATCH = YES;
				COPY_PHASE_STRIP = NO;
				DEBUG_INFORMATION_FORMAT = "dwarf-with-dsym";
				ENABLE_NS_ASSERTIONS = NO;
				ENABLE_STRICT_OBJC_MSGSEND = YES;
				GCC_C_LANGUAGE_STANDARD = gnu11;
				GCC_NO_COMMON_BLOCKS = YES;
				GCC_WARN_64_TO_32_BIT_CONVERSION = YES;
				GCC_WARN_ABOUT_RETURN_TYPE = YES_ERROR;
				GCC_WARN_UNDECLARED_SELECTOR = YES;
				GCC_WARN_UNINITIALIZED_AUTOS = YES_AGGRESSIVE;
				GCC_WARN_UNUSED_FUNCTION = YES;
				GCC_WARN_UNUSED_VARIABLE = YES;
				IPHONEOS_DEPLOYMENT_TARGET = 15.5;
				MTL_ENABLE_DEBUG_INFO = NO;
				MTL_FAST_MATH = YES;
				SDKROOT = iphoneos;
				SWIFT_COMPILATION_MODE = wholemodule;
				SWIFT_OPTIMIZATION_LEVEL = "-O";
				VALIDATE_PRODUCT = YES;
			};
			name = Release;
		};
		ABBD74BA28ABE3E8004A004D /* Debug */ = {
			isa = XCBuildConfiguration;
			buildSettings = {
				ASSETCATALOG_COMPILER_APPICON_NAME = AppIcon;
				ASSETCATALOG_COMPILER_GLOBAL_ACCENT_COLOR_NAME = AccentColor;
				CODE_SIGN_ENTITLEMENTS = "H4X0R News/H4X0R News.entitlements";
				CODE_SIGN_STYLE = Automatic;
				CURRENT_PROJECT_VERSION = 1;
				DEVELOPMENT_ASSET_PATHS = "\"H4X0R News/Preview Content\"";
				DEVELOPMENT_TEAM = 3Q8FDFK3WX;
				ENABLE_PREVIEWS = YES;
				GENERATE_INFOPLIST_FILE = YES;
				INFOPLIST_KEY_UIApplicationSceneManifest_Generation = YES;
				INFOPLIST_KEY_UIApplicationSupportsIndirectInputEvents = YES;
				INFOPLIST_KEY_UILaunchScreen_Generation = YES;
				INFOPLIST_KEY_UISupportedInterfaceOrientations_iPad = "UIInterfaceOrientationPortrait UIInterfaceOrientationPortraitUpsideDown UIInterfaceOrientationLandscapeLeft UIInterfaceOrientationLandscapeRight";
				INFOPLIST_KEY_UISupportedInterfaceOrientations_iPhone = "UIInterfaceOrientationPortrait UIInterfaceOrientationLandscapeLeft UIInterfaceOrientationLandscapeRight";
				LD_RUNPATH_SEARCH_PATHS = (
					"$(inherited)",
					"@executable_path/Frameworks",
				);
				MARKETING_VERSION = 1.0;
				PRODUCT_BUNDLE_IDENTIFIER = "com.salah.H4X0R-News";
				PRODUCT_NAME = "$(TARGET_NAME)";
				SUPPORTS_MACCATALYST = YES;
				SWIFT_EMIT_LOC_STRINGS = YES;
				SWIFT_VERSION = 5.0;
				TARGETED_DEVICE_FAMILY = "1,2";
			};
			name = Debug;
		};
		ABBD74BB28ABE3E8004A004D /* Release */ = {
			isa = XCBuildConfiguration;
			buildSettings = {
				ASSETCATALOG_COMPILER_APPICON_NAME = AppIcon;
				ASSETCATALOG_COMPILER_GLOBAL_ACCENT_COLOR_NAME = AccentColor;
				CODE_SIGN_ENTITLEMENTS = "H4X0R News/H4X0R News.entitlements";
				CODE_SIGN_STYLE = Automatic;
				CURRENT_PROJECT_VERSION = 1;
				DEVELOPMENT_ASSET_PATHS = "\"H4X0R News/Preview Content\"";
				DEVELOPMENT_TEAM = 3Q8FDFK3WX;
				ENABLE_PREVIEWS = YES;
				GENERATE_INFOPLIST_FILE = YES;
				INFOPLIST_KEY_UIApplicationSceneManifest_Generation = YES;
				INFOPLIST_KEY_UIApplicationSupportsIndirectInputEvents = YES;
				INFOPLIST_KEY_UILaunchScreen_Generation = YES;
				INFOPLIST_KEY_UISupportedInterfaceOrientations_iPad = "UIInterfaceOrientationPortrait UIInterfaceOrientationPortraitUpsideDown UIInterfaceOrientationLandscapeLeft UIInterfaceOrientationLandscapeRight";
				INFOPLIST_KEY_UISupportedInterfaceOrientations_iPhone = "UIInterfaceOrientationPortrait UIInterfaceOrientationLandscapeLeft UIInterfaceOrientationLandscapeRight";
				LD_RUNPATH_SEARCH_PATHS = (
					"$(inherited)",
					"@executable_path/Frameworks",
				);
				MARKETING_VERSION = 1.0;
				PRODUCT_BUNDLE_IDENTIFIER = "com.salah.H4X0R-News";
				PRODUCT_NAME = "$(TARGET_NAME)";
				SUPPORTS_MACCATALYST = YES;
				SWIFT_EMIT_LOC_STRINGS = YES;
				SWIFT_VERSION = 5.0;
				TARGETED_DEVICE_FAMILY = "1,2";
			};
			name = Release;
		};
/* End XCBuildConfiguration section */

/* Begin XCConfigurationList section */
		ABBD74A628ABE3E8004A004D /* Build configuration list for PBXProject "H4X0R News" */ = {
			isa = XCConfigurationList;
			buildConfigurations = (
				ABBD74B728ABE3E8004A004D /* Debug */,
				ABBD74B828ABE3E8004A004D /* Release */,
			);
			defaultConfigurationIsVisible = 0;
			defaultConfigurationName = Release;
		};
		ABBD74B928ABE3E8004A004D /* Build configuration list for PBXNativeTarget "H4X0R News" */ = {
			isa = XCConfigurationList;
			buildConfigurations = (
				ABBD74BA28ABE3E8004A004D /* Debug */,
				ABBD74BB28ABE3E8004A004D /* Release */,
			);
			defaultConfigurationIsVisible = 0;
			defaultConfigurationName = Release;
		};
/* End XCConfigurationList section */
	};
	rootObject = ABBD74A328ABE3E8004A004D /* Project object */;
}
